<?xml version="1.0" encoding="utf-8"?>
<Project ToolsVersion="4.0" xmlns="http://schemas.microsoft.com/developer/msbuild/2003">
  <ItemGroup>
    <Filter Include="Source Files">
      <UniqueIdentifier>{4FC737F1-C7A5-4376-A066-2A32D752A2FF}</UniqueIdentifier>
      <Extensions>cpp;c;cc;cxx;c++;cppm;ixx;def;odl;idl;hpj;bat;asm;asmx</Extensions>
    </Filter>
    <Filter Include="Header Files">
      <UniqueIdentifier>{93995380-89BD-4b04-88EB-625FBE52EBFB}</UniqueIdentifier>
      <Extensions>h;hh;hpp;hxx;h++;hm;inl;inc;ipp;xsd</Extensions>
    </Filter>
    <Filter Include="Resource Files">
      <UniqueIdentifier>{67DA6AB6-F800-4c08-8B7A-83BB121AAD01}</UniqueIdentifier>
      <Extensions>rc;ico;cur;bmp;dlg;rc2;rct;bin;rgs;gif;jpg;jpeg;jpe;resx;tiff;tif;png;wav;mfcribbon-ms</Extensions>
    </Filter>
  </ItemGroup>
  <ItemGroup>
    <ClCompile Include="main.cpp">
      <Filter>Source Files</Filter>
    </ClCompile>
    <ClCompile Include="Camera.cpp">
      <Filter>Source Files</Filter>
    </ClCompile>
    <ClCompile Include="Shader.cpp">
      <Filter>Source Files</Filter>
    </ClCompile>
    <ClCompile Include="glad.c">
      <Filter>Source Files</Filter>
    </ClCompile>
  </ItemGroup>
  <ItemGroup>
    <ClInclude Include="stb_image.h">
      <Filter>Header Files</Filter>
    </ClInclude>
    <ClInclude Include="Camera.h">
      <Filter>Header Files</Filter>
    </ClInclude>
    <ClInclude Include="Shader.h">
      <Filter>Header Files</Filter>
    </ClInclude>
  </ItemGroup>
  <ItemGroup>
    <None Include="shaders\light.fs" />
    <None Include="shaders\light.vs" />
    <None Include="shaders\screen.fs" />
    <None Include="shaders\screen.vs" />
    <None Include="shaders\skybox.fs" />
    <None Include="shaders\skybox.vs" />
    <None Include="shaders\wallNormal.fs" />
    <None Include="shaders\wallNormal.vs" />
    <None Include="shaders\common.fs" />
    <None Include="shaders\common.vs" />
    <None Include="shaders\reflect.fs" />
    <None Include="shaders\reflect.vs" />
  </ItemGroup>
  <ItemGroup>
    <Image Include="textures\bricks.jpg">
      <Filter>Resource Files</Filter>
    </Image>
    <Image Include="textures\Cement.jpg">
      <Filter>Resource Files</Filter>
    </Image>
    <Image Include="textures\granite.jpg">
      <Filter>Resource Files</Filter>
    </Image>
    <Image Include="textures\negx.jpg">
      <Filter>Resource Files</Filter>
    </Image>
    <Image Include="textures\negy.jpg">
      <Filter>Resource Files</Filter>
    </Image>
    <Image Include="textures\negz.jpg">
      <Filter>Resource Files</Filter>
    </Image>
    <Image Include="textures\posx.jpg">
      <Filter>Resource Files</Filter>
    </Image>
    <Image Include="textures\posy.jpg">
      <Filter>Resource Files</Filter>
    </Image>
    <Image Include="textures\posz.jpg">
      <Filter>Resource Files</Filter>
    </Image>
    <Image Include="textures\stone.jpg">
      <Filter>Resource Files</Filter>
    </Image>
    <Image Include="textures\wall_bump.jpg">
      <Filter>Resource Files</Filter>
    </Image>
    <Image Include="textures\wall_diffuse.jpg">
      <Filter>Resource Files</Filter>
    </Image>
    <Image Include="textures\wall_normal.jpg">
      <Filter>Resource Files</Filter>
    </Image>
    <Image Include="textures\wood.png">
      <Filter>Resource Files</Filter>
    </Image>
    <Image Include="textures\yellowstone.jpg">
      <Filter>Resource Files</Filter>
    </Image>
  </ItemGroup>
</Project>